{
  "name": "ajs.platforms.nodejs",
  "version": "1.0.0",
  "lockfileVersion": 2,
  "requires": true,
  "packages": {
    "": {
      "name": "ajs.platforms.nodejs",
      "version": "1.0.0",
      "license": "ISC",
      "dependencies": {
        "@arbprog/ajs.platforms": "^1.0.0"
      }
    },
    "node_modules/@arbprog/ajs.platforms": {
      "version": "1.0.0",
      "resolved": "https://npm.pkg.github.com/download/@arbprog/ajs.platforms/1.0.0/595a255de097887ba016ae4ff341cf1f5b5888d7",
      "integrity": "sha512-3PG5cA1XQTYNXD4PjbSYkmKYOFTQJ8ljlWlZL3B8nVTQ4W8sngM9ogBTN/8qIEnDHNMu+1acLp/knfkLDrplKg==",
      "license": "ISC"
    }
  },
  "dependencies": {
    "@arbprog/ajs.platforms": {
      "version": "1.0.0",
      "resolved": "https://npm.pkg.github.com/download/@arbprog/ajs.platforms/1.0.0/595a255de097887ba016ae4ff341cf1f5b5888d7",
      "integrity": "sha512-3PG5cA1XQTYNXD4PjbSYkmKYOFTQJ8ljlWlZL3B8nVTQ4W8sngM9ogBTN/8qIEnDHNMu+1acLp/knfkLDrplKg=="
    }
  }
}
